PODS:
  - HandyJSON (5.0.2)
  - lottie-ios (3.5.0)
  - SnapKit (5.0.1)

DEPENDENCIES:
  - HandyJSON
  - lottie-ios (= 3.5.0)
  - SnapKit (~> 5.0.1)

SPEC REPOS:
  trunk:
    - HandyJSON
    - lottie-ios
    - SnapKit

SPEC CHECKSUMS:
  HandyJSON: 9e4e236f5d2dbefad5155a77417bbea438201c03
  lottie-ios: c55158d67d0629a260625cc2ded2052b829e3c3e
  SnapKit: 97b92857e3df3a0c71833cce143274bf6ef8e5eb

PODFILE CHECKSUM: 8eb347887f2d1d3e96e666d178a717815d2143da

COCOAPODS: 1.11.3
