// !$*UTF8*$!
{
	archiveVersion = 1;
	classes = {
	};
	objectVersion = 55;
	objects = {

/* Begin PBXBuildFile section */
		3054321ED9FC7612A8E25CA3 /* libPods-FJFSwiftBlogDemo.a in Frameworks */ = {isa = PBXBuildFile; fileRef = 8E24B318D5D1F4080FA57F0E /* libPods-FJFSwiftBlogDemo.a */; };
		8A3092052B00B669000D4776 /* FJFScrollDragHelper.swift in Sources */ = {isa = PBXBuildFile; fileRef = 8A3091FF2B00B669000D4776 /* FJFScrollDragHelper.swift */; };
		8A3092062B00B669000D4776 /* FJFScrollViewDragViewController.swift in Sources */ = {isa = PBXBuildFile; fileRef = 8A3092002B00B669000D4776 /* FJFScrollViewDragViewController.swift */; };
		8A3092072B00B669000D4776 /* FJFContentTableView.swift in Sources */ = {isa = PBXBuildFile; fileRef = 8A3092012B00B669000D4776 /* FJFContentTableView.swift */; };
		8A3092082B00B669000D4776 /* FJFImageTableViewCell.swift in Sources */ = {isa = PBXBuildFile; fileRef = 8A3092032B00B669000D4776 /* FJFImageTableViewCell.swift */; };
		8A3092092B00B669000D4776 /* FJFTableReloadViewController.swift in Sources */ = {isa = PBXBuildFile; fileRef = 8A3092042B00B669000D4776 /* FJFTableReloadViewController.swift */; };
		8A5D502C2924883C00B26CC2 /* dest_animation.json in Resources */ = {isa = PBXBuildFile; fileRef = 8A5D502B2924883C00B26CC2 /* dest_animation.json */; };
		8A9563AF27314D6D00AA7295 /* AppDelegate.swift in Sources */ = {isa = PBXBuildFile; fileRef = 8A9563AE27314D6D00AA7295 /* AppDelegate.swift */; };
		8A9563B327314D6D00AA7295 /* ViewController.swift in Sources */ = {isa = PBXBuildFile; fileRef = 8A9563B227314D6D00AA7295 /* ViewController.swift */; };
		8A9563B627314D6D00AA7295 /* Main.storyboard in Resources */ = {isa = PBXBuildFile; fileRef = 8A9563B427314D6D00AA7295 /* Main.storyboard */; };
		8A9563B827314D6E00AA7295 /* Assets.xcassets in Resources */ = {isa = PBXBuildFile; fileRef = 8A9563B727314D6E00AA7295 /* Assets.xcassets */; };
		8A9563BB27314D6E00AA7295 /* LaunchScreen.storyboard in Resources */ = {isa = PBXBuildFile; fileRef = 8A9563B927314D6E00AA7295 /* LaunchScreen.storyboard */; };
		8A9563C627314D6E00AA7295 /* FJFSwiftBlogDemoTests.swift in Sources */ = {isa = PBXBuildFile; fileRef = 8A9563C527314D6E00AA7295 /* FJFSwiftBlogDemoTests.swift */; };
		8A9563D027314D6E00AA7295 /* FJFSwiftBlogDemoUITests.swift in Sources */ = {isa = PBXBuildFile; fileRef = 8A9563CF27314D6E00AA7295 /* FJFSwiftBlogDemoUITests.swift */; };
		8A9563D227314D6E00AA7295 /* FJFSwiftBlogDemoUITestsLaunchTests.swift in Sources */ = {isa = PBXBuildFile; fileRef = 8A9563D127314D6E00AA7295 /* FJFSwiftBlogDemoUITestsLaunchTests.swift */; };
		8AD49FA528685A58009BF0DC /* FJFImageLabelView.swift in Sources */ = {isa = PBXBuildFile; fileRef = 8AD49F9428685A58009BF0DC /* FJFImageLabelView.swift */; };
		8AD49FA628685A58009BF0DC /* FJFImageLabelViewController.swift in Sources */ = {isa = PBXBuildFile; fileRef = 8AD49F9528685A58009BF0DC /* FJFImageLabelViewController.swift */; };
		8AD49FA728685A58009BF0DC /* fjf_address_add_icon@3x.png in Resources */ = {isa = PBXBuildFile; fileRef = 8AD49F9628685A58009BF0DC /* fjf_address_add_icon@3x.png */; };
		8AD49FA828685A58009BF0DC /* FJFTextInputIntercepter.swift in Sources */ = {isa = PBXBuildFile; fileRef = 8AD49F9828685A58009BF0DC /* FJFTextInputIntercepter.swift */; };
		8AD49FA928685A58009BF0DC /* FJFPersonalDescEditViewController.swift in Sources */ = {isa = PBXBuildFile; fileRef = 8AD49F9928685A58009BF0DC /* FJFPersonalDescEditViewController.swift */; };
		8AD49FAA28685A58009BF0DC /* FJFTextInpputViewController.swift in Sources */ = {isa = PBXBuildFile; fileRef = 8AD49F9A28685A58009BF0DC /* FJFTextInpputViewController.swift */; };
		8AD49FAB28685A58009BF0DC /* FJFPersonInfoViewController.swift in Sources */ = {isa = PBXBuildFile; fileRef = 8AD49F9B28685A58009BF0DC /* FJFPersonInfoViewController.swift */; };
		8AD49FAC28685A58009BF0DC /* String+FJFTextInputStringType.swift in Sources */ = {isa = PBXBuildFile; fileRef = 8AD49F9C28685A58009BF0DC /* String+FJFTextInputStringType.swift */; };
		8AD49FAD28685A58009BF0DC /* FJFPersonListModel.swift in Sources */ = {isa = PBXBuildFile; fileRef = 8AD49F9E28685A58009BF0DC /* FJFPersonListModel.swift */; };
		8AD49FAE28685A58009BF0DC /* FJFItemAutoListView.swift in Sources */ = {isa = PBXBuildFile; fileRef = 8AD49FA028685A58009BF0DC /* FJFItemAutoListView.swift */; };
		8AD49FAF28685A58009BF0DC /* FJFItemListView.swift in Sources */ = {isa = PBXBuildFile; fileRef = 8AD49FA128685A58009BF0DC /* FJFItemListView.swift */; };
		8AD49FB028685A58009BF0DC /* FJFItemListViewController.swift in Sources */ = {isa = PBXBuildFile; fileRef = 8AD49FA228685A58009BF0DC /* FJFItemListViewController.swift */; };
		8AD49FB128685A58009BF0DC /* FJFItemPersonInfoView.swift in Sources */ = {isa = PBXBuildFile; fileRef = 8AD49FA328685A58009BF0DC /* FJFItemPersonInfoView.swift */; };
		8AD49FB228685A58009BF0DC /* FJFItemPersonInfoListCell.swift in Sources */ = {isa = PBXBuildFile; fileRef = 8AD49FA428685A58009BF0DC /* FJFItemPersonInfoListCell.swift */; };
		8AD49FB628685A6C009BF0DC /* FJFButtonClickedViewController.swift in Sources */ = {isa = PBXBuildFile; fileRef = 8AD49FB428685A6C009BF0DC /* FJFButtonClickedViewController.swift */; };
		8AD49FB728685A6C009BF0DC /* FJFButtonTestView.swift in Sources */ = {isa = PBXBuildFile; fileRef = 8AD49FB528685A6C009BF0DC /* FJFButtonTestView.swift */; };
		8AD49FE028685A7B009BF0DC /* FJFLottieViewController.swift in Sources */ = {isa = PBXBuildFile; fileRef = 8AD49FBB28685A7B009BF0DC /* FJFLottieViewController.swift */; };
		8AD49FE128685A7B009BF0DC /* UIView+Extension.swift in Sources */ = {isa = PBXBuildFile; fileRef = 8AD49FBC28685A7B009BF0DC /* UIView+Extension.swift */; };
		8AD49FFC2868A44C009BF0DC /* main.swift in Sources */ = {isa = PBXBuildFile; fileRef = 8AD49FFB2868A44C009BF0DC /* main.swift */; };
		8AF11953292630C900E0C920 /* FJFLaunchManager.swift in Sources */ = {isa = PBXBuildFile; fileRef = 8AF11952292630C800E0C920 /* FJFLaunchManager.swift */; };
/* End PBXBuildFile section */

/* Begin PBXContainerItemProxy section */
		8A9563C227314D6E00AA7295 /* PBXContainerItemProxy */ = {
			isa = PBXContainerItemProxy;
			containerPortal = 8A9563A327314D6D00AA7295 /* Project object */;
			proxyType = 1;
			remoteGlobalIDString = 8A9563AA27314D6D00AA7295;
			remoteInfo = FJFSwiftBlogDemo;
		};
		8A9563CC27314D6E00AA7295 /* PBXContainerItemProxy */ = {
			isa = PBXContainerItemProxy;
			containerPortal = 8A9563A327314D6D00AA7295 /* Project object */;
			proxyType = 1;
			remoteGlobalIDString = 8A9563AA27314D6D00AA7295;
			remoteInfo = FJFSwiftBlogDemo;
		};
/* End PBXContainerItemProxy section */

/* Begin PBXFileReference section */
		8A3091FF2B00B669000D4776 /* FJFScrollDragHelper.swift */ = {isa = PBXFileReference; fileEncoding = 4; lastKnownFileType = sourcecode.swift; path = FJFScrollDragHelper.swift; sourceTree = "<group>"; };
		8A3092002B00B669000D4776 /* FJFScrollViewDragViewController.swift */ = {isa = PBXFileReference; fileEncoding = 4; lastKnownFileType = sourcecode.swift; path = FJFScrollViewDragViewController.swift; sourceTree = "<group>"; };
		8A3092012B00B669000D4776 /* FJFContentTableView.swift */ = {isa = PBXFileReference; fileEncoding = 4; lastKnownFileType = sourcecode.swift; path = FJFContentTableView.swift; sourceTree = "<group>"; };
		8A3092032B00B669000D4776 /* FJFImageTableViewCell.swift */ = {isa = PBXFileReference; fileEncoding = 4; lastKnownFileType = sourcecode.swift; path = FJFImageTableViewCell.swift; sourceTree = "<group>"; };
		8A3092042B00B669000D4776 /* FJFTableReloadViewController.swift */ = {isa = PBXFileReference; fileEncoding = 4; lastKnownFileType = sourcecode.swift; path = FJFTableReloadViewController.swift; sourceTree = "<group>"; };
		8A5D502B2924883C00B26CC2 /* dest_animation.json */ = {isa = PBXFileReference; fileEncoding = 4; lastKnownFileType = text.json; path = dest_animation.json; sourceTree = "<group>"; };
		8A9563AB27314D6D00AA7295 /* FJFSwiftBlogDemo.app */ = {isa = PBXFileReference; explicitFileType = wrapper.application; includeInIndex = 0; path = FJFSwiftBlogDemo.app; sourceTree = BUILT_PRODUCTS_DIR; };
		8A9563AE27314D6D00AA7295 /* AppDelegate.swift */ = {isa = PBXFileReference; lastKnownFileType = sourcecode.swift; path = AppDelegate.swift; sourceTree = "<group>"; };
		8A9563B227314D6D00AA7295 /* ViewController.swift */ = {isa = PBXFileReference; lastKnownFileType = sourcecode.swift; path = ViewController.swift; sourceTree = "<group>"; };
		8A9563B527314D6D00AA7295 /* Base */ = {isa = PBXFileReference; lastKnownFileType = file.storyboard; name = Base; path = Base.lproj/Main.storyboard; sourceTree = "<group>"; };
		8A9563B727314D6E00AA7295 /* Assets.xcassets */ = {isa = PBXFileReference; lastKnownFileType = folder.assetcatalog; path = Assets.xcassets; sourceTree = "<group>"; };
		8A9563BA27314D6E00AA7295 /* Base */ = {isa = PBXFileReference; lastKnownFileType = file.storyboard; name = Base; path = Base.lproj/LaunchScreen.storyboard; sourceTree = "<group>"; };
		8A9563BC27314D6E00AA7295 /* Info.plist */ = {isa = PBXFileReference; lastKnownFileType = text.plist.xml; path = Info.plist; sourceTree = "<group>"; };
		8A9563C127314D6E00AA7295 /* FJFSwiftBlogDemoTests.xctest */ = {isa = PBXFileReference; explicitFileType = wrapper.cfbundle; includeInIndex = 0; path = FJFSwiftBlogDemoTests.xctest; sourceTree = BUILT_PRODUCTS_DIR; };
		8A9563C527314D6E00AA7295 /* FJFSwiftBlogDemoTests.swift */ = {isa = PBXFileReference; lastKnownFileType = sourcecode.swift; path = FJFSwiftBlogDemoTests.swift; sourceTree = "<group>"; };
		8A9563CB27314D6E00AA7295 /* FJFSwiftBlogDemoUITests.xctest */ = {isa = PBXFileReference; explicitFileType = wrapper.cfbundle; includeInIndex = 0; path = FJFSwiftBlogDemoUITests.xctest; sourceTree = BUILT_PRODUCTS_DIR; };
		8A9563CF27314D6E00AA7295 /* FJFSwiftBlogDemoUITests.swift */ = {isa = PBXFileReference; lastKnownFileType = sourcecode.swift; path = FJFSwiftBlogDemoUITests.swift; sourceTree = "<group>"; };
		8A9563D127314D6E00AA7295 /* FJFSwiftBlogDemoUITestsLaunchTests.swift */ = {isa = PBXFileReference; lastKnownFileType = sourcecode.swift; path = FJFSwiftBlogDemoUITestsLaunchTests.swift; sourceTree = "<group>"; };
		8AD49F9428685A58009BF0DC /* FJFImageLabelView.swift */ = {isa = PBXFileReference; fileEncoding = 4; lastKnownFileType = sourcecode.swift; path = FJFImageLabelView.swift; sourceTree = "<group>"; };
		8AD49F9528685A58009BF0DC /* FJFImageLabelViewController.swift */ = {isa = PBXFileReference; fileEncoding = 4; lastKnownFileType = sourcecode.swift; path = FJFImageLabelViewController.swift; sourceTree = "<group>"; };
		8AD49F9628685A58009BF0DC /* fjf_address_add_icon@3x.png */ = {isa = PBXFileReference; lastKnownFileType = image.png; path = "fjf_address_add_icon@3x.png"; sourceTree = "<group>"; };
		8AD49F9828685A58009BF0DC /* FJFTextInputIntercepter.swift */ = {isa = PBXFileReference; fileEncoding = 4; lastKnownFileType = sourcecode.swift; path = FJFTextInputIntercepter.swift; sourceTree = "<group>"; };
		8AD49F9928685A58009BF0DC /* FJFPersonalDescEditViewController.swift */ = {isa = PBXFileReference; fileEncoding = 4; lastKnownFileType = sourcecode.swift; path = FJFPersonalDescEditViewController.swift; sourceTree = "<group>"; };
		8AD49F9A28685A58009BF0DC /* FJFTextInpputViewController.swift */ = {isa = PBXFileReference; fileEncoding = 4; lastKnownFileType = sourcecode.swift; path = FJFTextInpputViewController.swift; sourceTree = "<group>"; };
		8AD49F9B28685A58009BF0DC /* FJFPersonInfoViewController.swift */ = {isa = PBXFileReference; fileEncoding = 4; lastKnownFileType = sourcecode.swift; path = FJFPersonInfoViewController.swift; sourceTree = "<group>"; };
		8AD49F9C28685A58009BF0DC /* String+FJFTextInputStringType.swift */ = {isa = PBXFileReference; fileEncoding = 4; lastKnownFileType = sourcecode.swift; path = "String+FJFTextInputStringType.swift"; sourceTree = "<group>"; };
		8AD49F9E28685A58009BF0DC /* FJFPersonListModel.swift */ = {isa = PBXFileReference; fileEncoding = 4; lastKnownFileType = sourcecode.swift; path = FJFPersonListModel.swift; sourceTree = "<group>"; };
		8AD49FA028685A58009BF0DC /* FJFItemAutoListView.swift */ = {isa = PBXFileReference; fileEncoding = 4; lastKnownFileType = sourcecode.swift; path = FJFItemAutoListView.swift; sourceTree = "<group>"; };
		8AD49FA128685A58009BF0DC /* FJFItemListView.swift */ = {isa = PBXFileReference; fileEncoding = 4; lastKnownFileType = sourcecode.swift; path = FJFItemListView.swift; sourceTree = "<group>"; };
		8AD49FA228685A58009BF0DC /* FJFItemListViewController.swift */ = {isa = PBXFileReference; fileEncoding = 4; lastKnownFileType = sourcecode.swift; path = FJFItemListViewController.swift; sourceTree = "<group>"; };
		8AD49FA328685A58009BF0DC /* FJFItemPersonInfoView.swift */ = {isa = PBXFileReference; fileEncoding = 4; lastKnownFileType = sourcecode.swift; path = FJFItemPersonInfoView.swift; sourceTree = "<group>"; };
		8AD49FA428685A58009BF0DC /* FJFItemPersonInfoListCell.swift */ = {isa = PBXFileReference; fileEncoding = 4; lastKnownFileType = sourcecode.swift; path = FJFItemPersonInfoListCell.swift; sourceTree = "<group>"; };
		8AD49FB428685A6C009BF0DC /* FJFButtonClickedViewController.swift */ = {isa = PBXFileReference; fileEncoding = 4; lastKnownFileType = sourcecode.swift; path = FJFButtonClickedViewController.swift; sourceTree = "<group>"; };
		8AD49FB528685A6C009BF0DC /* FJFButtonTestView.swift */ = {isa = PBXFileReference; fileEncoding = 4; lastKnownFileType = sourcecode.swift; path = FJFButtonTestView.swift; sourceTree = "<group>"; };
		8AD49FBB28685A7B009BF0DC /* FJFLottieViewController.swift */ = {isa = PBXFileReference; fileEncoding = 4; lastKnownFileType = sourcecode.swift; path = FJFLottieViewController.swift; sourceTree = "<group>"; };
		8AD49FBC28685A7B009BF0DC /* UIView+Extension.swift */ = {isa = PBXFileReference; fileEncoding = 4; lastKnownFileType = sourcecode.swift; path = "UIView+Extension.swift"; sourceTree = "<group>"; };
		8AD49FFB2868A44C009BF0DC /* main.swift */ = {isa = PBXFileReference; fileEncoding = 4; lastKnownFileType = sourcecode.swift; path = main.swift; sourceTree = "<group>"; };
		8AF11952292630C800E0C920 /* FJFLaunchManager.swift */ = {isa = PBXFileReference; fileEncoding = 4; lastKnownFileType = sourcecode.swift; path = FJFLaunchManager.swift; sourceTree = "<group>"; };
		8E24B318D5D1F4080FA57F0E /* libPods-FJFSwiftBlogDemo.a */ = {isa = PBXFileReference; explicitFileType = archive.ar; includeInIndex = 0; path = "libPods-FJFSwiftBlogDemo.a"; sourceTree = BUILT_PRODUCTS_DIR; };
		E095AF88FCC1C90B5B93546E /* Pods-FJFSwiftBlogDemo.debug.xcconfig */ = {isa = PBXFileReference; includeInIndex = 1; lastKnownFileType = text.xcconfig; name = "Pods-FJFSwiftBlogDemo.debug.xcconfig"; path = "Target Support Files/Pods-FJFSwiftBlogDemo/Pods-FJFSwiftBlogDemo.debug.xcconfig"; sourceTree = "<group>"; };
		FD0710DE223B3809BD95C6F4 /* Pods-FJFSwiftBlogDemo.release.xcconfig */ = {isa = PBXFileReference; includeInIndex = 1; lastKnownFileType = text.xcconfig; name = "Pods-FJFSwiftBlogDemo.release.xcconfig"; path = "Target Support Files/Pods-FJFSwiftBlogDemo/Pods-FJFSwiftBlogDemo.release.xcconfig"; sourceTree = "<group>"; };
/* End PBXFileReference section */

/* Begin PBXFrameworksBuildPhase section */
		8A9563A827314D6D00AA7295 /* Frameworks */ = {
			isa = PBXFrameworksBuildPhase;
			buildActionMask = 2147483647;
			files = (
				3054321ED9FC7612A8E25CA3 /* libPods-FJFSwiftBlogDemo.a in Frameworks */,
			);
			runOnlyForDeploymentPostprocessing = 0;
		};
		8A9563BE27314D6E00AA7295 /* Frameworks */ = {
			isa = PBXFrameworksBuildPhase;
			buildActionMask = 2147483647;
			files = (
			);
			runOnlyForDeploymentPostprocessing = 0;
		};
		8A9563C827314D6E00AA7295 /* Frameworks */ = {
			isa = PBXFrameworksBuildPhase;
			buildActionMask = 2147483647;
			files = (
			);
			runOnlyForDeploymentPostprocessing = 0;
		};
/* End PBXFrameworksBuildPhase section */

/* Begin PBXGroup section */
		87A7E730E669FBFC519ADA34 /* Frameworks */ = {
			isa = PBXGroup;
			children = (
				8E24B318D5D1F4080FA57F0E /* libPods-FJFSwiftBlogDemo.a */,
			);
			name = Frameworks;
			sourceTree = "<group>";
		};
		8A3091FE2B00B669000D4776 /* FJFScrollviewDragDemo */ = {
			isa = PBXGroup;
			children = (
				8A3091FF2B00B669000D4776 /* FJFScrollDragHelper.swift */,
				8A3092002B00B669000D4776 /* FJFScrollViewDragViewController.swift */,
				8A3092012B00B669000D4776 /* FJFContentTableView.swift */,
			);
			path = FJFScrollviewDragDemo;
			sourceTree = "<group>";
		};
		8A3092022B00B669000D4776 /* FJFTableViewReloadDemo */ = {
			isa = PBXGroup;
			children = (
				8A3092032B00B669000D4776 /* FJFImageTableViewCell.swift */,
				8A3092042B00B669000D4776 /* FJFTableReloadViewController.swift */,
			);
			path = FJFTableViewReloadDemo;
			sourceTree = "<group>";
		};
		8A9563A227314D6D00AA7295 = {
			isa = PBXGroup;
			children = (
				8A9563AD27314D6D00AA7295 /* FJFSwiftBlogDemo */,
				8A9563C427314D6E00AA7295 /* FJFSwiftBlogDemoTests */,
				8A9563CE27314D6E00AA7295 /* FJFSwiftBlogDemoUITests */,
				8A9563AC27314D6D00AA7295 /* Products */,
				C57637A9B032072288DE91FA /* Pods */,
				87A7E730E669FBFC519ADA34 /* Frameworks */,
			);
			sourceTree = "<group>";
		};
		8A9563AC27314D6D00AA7295 /* Products */ = {
			isa = PBXGroup;
			children = (
				8A9563AB27314D6D00AA7295 /* FJFSwiftBlogDemo.app */,
				8A9563C127314D6E00AA7295 /* FJFSwiftBlogDemoTests.xctest */,
				8A9563CB27314D6E00AA7295 /* FJFSwiftBlogDemoUITests.xctest */,
			);
			name = Products;
			sourceTree = "<group>";
		};
		8A9563AD27314D6D00AA7295 /* FJFSwiftBlogDemo */ = {
			isa = PBXGroup;
			children = (
				8AD49F9128685A58009BF0DC /* FJFSwiftBlog */,
				8A9563AE27314D6D00AA7295 /* AppDelegate.swift */,
				8A9563B227314D6D00AA7295 /* ViewController.swift */,
				8AD49FFB2868A44C009BF0DC /* main.swift */,
				8A9563B427314D6D00AA7295 /* Main.storyboard */,
				8A9563B727314D6E00AA7295 /* Assets.xcassets */,
				8A9563B927314D6E00AA7295 /* LaunchScreen.storyboard */,
				8A9563BC27314D6E00AA7295 /* Info.plist */,
			);
			path = FJFSwiftBlogDemo;
			sourceTree = "<group>";
		};
		8A9563C427314D6E00AA7295 /* FJFSwiftBlogDemoTests */ = {
			isa = PBXGroup;
			children = (
				8A9563C527314D6E00AA7295 /* FJFSwiftBlogDemoTests.swift */,
			);
			path = FJFSwiftBlogDemoTests;
			sourceTree = "<group>";
		};
		8A9563CE27314D6E00AA7295 /* FJFSwiftBlogDemoUITests */ = {
			isa = PBXGroup;
			children = (
				8A9563CF27314D6E00AA7295 /* FJFSwiftBlogDemoUITests.swift */,
				8A9563D127314D6E00AA7295 /* FJFSwiftBlogDemoUITestsLaunchTests.swift */,
			);
			path = FJFSwiftBlogDemoUITests;
			sourceTree = "<group>";
		};
		8AD49F9128685A58009BF0DC /* FJFSwiftBlog */ = {
			isa = PBXGroup;
			children = (
				8A3091FE2B00B669000D4776 /* FJFScrollviewDragDemo */,
				8A3092022B00B669000D4776 /* FJFTableViewReloadDemo */,
				8AF11951292630C800E0C920 /* FJFLaunchManagerDemo */,
				8AD49FB828685A7B009BF0DC /* FJFLottieAnimationDemo */,
				8AD49FB328685A6C009BF0DC /* FJFButtonClickedDemo */,
				8AD49F9228685A58009BF0DC /* FJFImageLabelViewDemo */,
				8AD49F9728685A58009BF0DC /* FJFTextInputIntercepterDemo */,
				8AD49F9D28685A58009BF0DC /* FJFItemListViewDemo */,
			);
			path = FJFSwiftBlog;
			sourceTree = "<group>";
		};
		8AD49F9228685A58009BF0DC /* FJFImageLabelViewDemo */ = {
			isa = PBXGroup;
			children = (
				8AD49F9328685A58009BF0DC /* FJFImageLabelView */,
				8AD49F9528685A58009BF0DC /* FJFImageLabelViewController.swift */,
				8AD49F9628685A58009BF0DC /* fjf_address_add_icon@3x.png */,
			);
			path = FJFImageLabelViewDemo;
			sourceTree = "<group>";
		};
		8AD49F9328685A58009BF0DC /* FJFImageLabelView */ = {
			isa = PBXGroup;
			children = (
				8AD49F9428685A58009BF0DC /* FJFImageLabelView.swift */,
			);
			path = FJFImageLabelView;
			sourceTree = "<group>";
		};
		8AD49F9728685A58009BF0DC /* FJFTextInputIntercepterDemo */ = {
			isa = PBXGroup;
			children = (
				8AD49F9828685A58009BF0DC /* FJFTextInputIntercepter.swift */,
				8AD49F9928685A58009BF0DC /* FJFPersonalDescEditViewController.swift */,
				8AD49F9A28685A58009BF0DC /* FJFTextInpputViewController.swift */,
				8AD49F9B28685A58009BF0DC /* FJFPersonInfoViewController.swift */,
				8AD49F9C28685A58009BF0DC /* String+FJFTextInputStringType.swift */,
			);
			path = FJFTextInputIntercepterDemo;
			sourceTree = "<group>";
		};
		8AD49F9D28685A58009BF0DC /* FJFItemListViewDemo */ = {
			isa = PBXGroup;
			children = (
				8AD49F9E28685A58009BF0DC /* FJFPersonListModel.swift */,
				8AD49F9F28685A58009BF0DC /* FJFItemListView */,
				8AD49FA228685A58009BF0DC /* FJFItemListViewController.swift */,
				8AD49FA328685A58009BF0DC /* FJFItemPersonInfoView.swift */,
				8AD49FA428685A58009BF0DC /* FJFItemPersonInfoListCell.swift */,
			);
			path = FJFItemListViewDemo;
			sourceTree = "<group>";
		};
		8AD49F9F28685A58009BF0DC /* FJFItemListView */ = {
			isa = PBXGroup;
			children = (
				8AD49FA028685A58009BF0DC /* FJFItemAutoListView.swift */,
				8AD49FA128685A58009BF0DC /* FJFItemListView.swift */,
			);
			path = FJFItemListView;
			sourceTree = "<group>";
		};
		8AD49FB328685A6C009BF0DC /* FJFButtonClickedDemo */ = {
			isa = PBXGroup;
			children = (
				8AD49FB428685A6C009BF0DC /* FJFButtonClickedViewController.swift */,
				8AD49FB528685A6C009BF0DC /* FJFButtonTestView.swift */,
			);
			path = FJFButtonClickedDemo;
			sourceTree = "<group>";
		};
		8AD49FB828685A7B009BF0DC /* FJFLottieAnimationDemo */ = {
			isa = PBXGroup;
			children = (
				8A5D502B2924883C00B26CC2 /* dest_animation.json */,
				8AD49FBB28685A7B009BF0DC /* FJFLottieViewController.swift */,
				8AD49FBC28685A7B009BF0DC /* UIView+Extension.swift */,
			);
			path = FJFLottieAnimationDemo;
			sourceTree = "<group>";
		};
		8AF11951292630C800E0C920 /* FJFLaunchManagerDemo */ = {
			isa = PBXGroup;
			children = (
				8AF11952292630C800E0C920 /* FJFLaunchManager.swift */,
			);
			path = FJFLaunchManagerDemo;
			sourceTree = "<group>";
		};
		C57637A9B032072288DE91FA /* Pods */ = {
			isa = PBXGroup;
			children = (
				E095AF88FCC1C90B5B93546E /* Pods-FJFSwiftBlogDemo.debug.xcconfig */,
				FD0710DE223B3809BD95C6F4 /* Pods-FJFSwiftBlogDemo.release.xcconfig */,
			);
			path = Pods;
			sourceTree = "<group>";
		};
/* End PBXGroup section */

/* Begin PBXNativeTarget section */
		8A9563AA27314D6D00AA7295 /* FJFSwiftBlogDemo */ = {
			isa = PBXNativeTarget;
			buildConfigurationList = 8A9563D527314D6E00AA7295 /* Build configuration list for PBXNativeTarget "FJFSwiftBlogDemo" */;
			buildPhases = (
				1612452B7F1F2F9E52BB2428 /* [CP] Check Pods Manifest.lock */,
				8A9563A727314D6D00AA7295 /* Sources */,
				8A9563A827314D6D00AA7295 /* Frameworks */,
				8A9563A927314D6D00AA7295 /* Resources */,
			);
			buildRules = (
			);
			dependencies = (
			);
			name = FJFSwiftBlogDemo;
			productName = FJFSwiftBlogDemo;
			productReference = 8A9563AB27314D6D00AA7295 /* FJFSwiftBlogDemo.app */;
			productType = "com.apple.product-type.application";
		};
		8A9563C027314D6E00AA7295 /* FJFSwiftBlogDemoTests */ = {
			isa = PBXNativeTarget;
			buildConfigurationList = 8A9563D827314D6E00AA7295 /* Build configuration list for PBXNativeTarget "FJFSwiftBlogDemoTests" */;
			buildPhases = (
				8A9563BD27314D6E00AA7295 /* Sources */,
				8A9563BE27314D6E00AA7295 /* Frameworks */,
				8A9563BF27314D6E00AA7295 /* Resources */,
			);
			buildRules = (
			);
			dependencies = (
				8A9563C327314D6E00AA7295 /* PBXTargetDependency */,
			);
			name = FJFSwiftBlogDemoTests;
			productName = FJFSwiftBlogDemoTests;
			productReference = 8A9563C127314D6E00AA7295 /* FJFSwiftBlogDemoTests.xctest */;
			productType = "com.apple.product-type.bundle.unit-test";
		};
		8A9563CA27314D6E00AA7295 /* FJFSwiftBlogDemoUITests */ = {
			isa = PBXNativeTarget;
			buildConfigurationList = 8A9563DB27314D6E00AA7295 /* Build configuration list for PBXNativeTarget "FJFSwiftBlogDemoUITests" */;
			buildPhases = (
				8A9563C727314D6E00AA7295 /* Sources */,
				8A9563C827314D6E00AA7295 /* Frameworks */,
				8A9563C927314D6E00AA7295 /* Resources */,
			);
			buildRules = (
			);
			dependencies = (
				8A9563CD27314D6E00AA7295 /* PBXTargetDependency */,
			);
			name = FJFSwiftBlogDemoUITests;
			productName = FJFSwiftBlogDemoUITests;
			productReference = 8A9563CB27314D6E00AA7295 /* FJFSwiftBlogDemoUITests.xctest */;
			productType = "com.apple.product-type.bundle.ui-testing";
		};
/* End PBXNativeTarget section */

/* Begin PBXProject section */
		8A9563A327314D6D00AA7295 /* Project object */ = {
			isa = PBXProject;
			attributes = {
				BuildIndependentTargetsInParallel = 1;
				LastSwiftUpdateCheck = 1310;
				LastUpgradeCheck = 1310;
				TargetAttributes = {
					8A9563AA27314D6D00AA7295 = {
						CreatedOnToolsVersion = 13.1;
					};
					8A9563C027314D6E00AA7295 = {
						CreatedOnToolsVersion = 13.1;
						TestTargetID = 8A9563AA27314D6D00AA7295;
					};
					8A9563CA27314D6E00AA7295 = {
						CreatedOnToolsVersion = 13.1;
						TestTargetID = 8A9563AA27314D6D00AA7295;
					};
				};
			};
			buildConfigurationList = 8A9563A627314D6D00AA7295 /* Build configuration list for PBXProject "FJFSwiftBlogDemo" */;
			compatibilityVersion = "Xcode 13.0";
			developmentRegion = en;
			hasScannedForEncodings = 0;
			knownRegions = (
				en,
				Base,
			);
			mainGroup = 8A9563A227314D6D00AA7295;
			productRefGroup = 8A9563AC27314D6D00AA7295 /* Products */;
			projectDirPath = "";
			projectRoot = "";
			targets = (
				8A9563AA27314D6D00AA7295 /* FJFSwiftBlogDemo */,
				8A9563C027314D6E00AA7295 /* FJFSwiftBlogDemoTests */,
				8A9563CA27314D6E00AA7295 /* FJFSwiftBlogDemoUITests */,
			);
		};
/* End PBXProject section */

/* Begin PBXResourcesBuildPhase section */
		8A9563A927314D6D00AA7295 /* Resources */ = {
			isa = PBXResourcesBuildPhase;
			buildActionMask = 2147483647;
			files = (
				8AD49FA728685A58009BF0DC /* fjf_address_add_icon@3x.png in Resources */,
				8A9563BB27314D6E00AA7295 /* LaunchScreen.storyboard in Resources */,
				8A5D502C2924883C00B26CC2 /* dest_animation.json in Resources */,
				8A9563B827314D6E00AA7295 /* Assets.xcassets in Resources */,
				8A9563B627314D6D00AA7295 /* Main.storyboard in Resources */,
			);
			runOnlyForDeploymentPostprocessing = 0;
		};
		8A9563BF27314D6E00AA7295 /* Resources */ = {
			isa = PBXResourcesBuildPhase;
			buildActionMask = 2147483647;
			files = (
			);
			runOnlyForDeploymentPostprocessing = 0;
		};
		8A9563C927314D6E00AA7295 /* Resources */ = {
			isa = PBXResourcesBuildPhase;
			buildActionMask = 2147483647;
			files = (
			);
			runOnlyForDeploymentPostprocessing = 0;
		};
/* End PBXResourcesBuildPhase section */

/* Begin PBXShellScriptBuildPhase section */
		1612452B7F1F2F9E52BB2428 /* [CP] Check Pods Manifest.lock */ = {
			isa = PBXShellScriptBuildPhase;
			buildActionMask = 2147483647;
			files = (
			);
			inputFileListPaths = (
			);
			inputPaths = (
				"${PODS_PODFILE_DIR_PATH}/Podfile.lock",
				"${PODS_ROOT}/Manifest.lock",
			);
			name = "[CP] Check Pods Manifest.lock";
			outputFileListPaths = (
			);
			outputPaths = (
				"$(DERIVED_FILE_DIR)/Pods-FJFSwiftBlogDemo-checkManifestLockResult.txt",
			);
			runOnlyForDeploymentPostprocessing = 0;
			shellPath = /bin/sh;
			shellScript = "diff \"${PODS_PODFILE_DIR_PATH}/Podfile.lock\" \"${PODS_ROOT}/Manifest.lock\" > /dev/null\nif [ $? != 0 ] ; then\n    # print error to STDERR\n    echo \"error: The sandbox is not in sync with the Podfile.lock. Run 'pod install' or update your CocoaPods installation.\" >&2\n    exit 1\nfi\n# This output is used by Xcode 'outputs' to avoid re-running this script phase.\necho \"SUCCESS\" > \"${SCRIPT_OUTPUT_FILE_0}\"\n";
			showEnvVarsInLog = 0;
		};
/* End PBXShellScriptBuildPhase section */

/* Begin PBXSourcesBuildPhase section */
		8A9563A727314D6D00AA7295 /* Sources */ = {
			isa = PBXSourcesBuildPhase;
			buildActionMask = 2147483647;
			files = (
				8AD49FA828685A58009BF0DC /* FJFTextInputIntercepter.swift in Sources */,
				8AD49FA628685A58009BF0DC /* FJFImageLabelViewController.swift in Sources */,
				8AD49FAC28685A58009BF0DC /* String+FJFTextInputStringType.swift in Sources */,
				8A9563B327314D6D00AA7295 /* ViewController.swift in Sources */,
				8AD49FE028685A7B009BF0DC /* FJFLottieViewController.swift in Sources */,
				8A3092052B00B669000D4776 /* FJFScrollDragHelper.swift in Sources */,
				8AD49FB728685A6C009BF0DC /* FJFButtonTestView.swift in Sources */,
				8A3092092B00B669000D4776 /* FJFTableReloadViewController.swift in Sources */,
				8AD49FAF28685A58009BF0DC /* FJFItemListView.swift in Sources */,
				8AD49FFC2868A44C009BF0DC /* main.swift in Sources */,
				8AD49FAA28685A58009BF0DC /* FJFTextInpputViewController.swift in Sources */,
				8AD49FAB28685A58009BF0DC /* FJFPersonInfoViewController.swift in Sources */,
				8A9563AF27314D6D00AA7295 /* AppDelegate.swift in Sources */,
				8AD49FA928685A58009BF0DC /* FJFPersonalDescEditViewController.swift in Sources */,
				8AD49FA528685A58009BF0DC /* FJFImageLabelView.swift in Sources */,
				8AD49FE128685A7B009BF0DC /* UIView+Extension.swift in Sources */,
				8AF11953292630C900E0C920 /* FJFLaunchManager.swift in Sources */,
				8A3092072B00B669000D4776 /* FJFContentTableView.swift in Sources */,
				8AD49FAE28685A58009BF0DC /* FJFItemAutoListView.swift in Sources */,
				8A3092082B00B669000D4776 /* FJFImageTableViewCell.swift in Sources */,
				8AD49FB228685A58009BF0DC /* FJFItemPersonInfoListCell.swift in Sources */,
				8A3092062B00B669000D4776 /* FJFScrollViewDragViewController.swift in Sources */,
				8AD49FAD28685A58009BF0DC /* FJFPersonListModel.swift in Sources */,
				8AD49FB028685A58009BF0DC /* FJFItemListViewController.swift in Sources */,
				8AD49FB128685A58009BF0DC /* FJFItemPersonInfoView.swift in Sources */,
				8AD49FB628685A6C009BF0DC /* FJFButtonClickedViewController.swift in Sources */,
			);
			runOnlyForDeploymentPostprocessing = 0;
		};
		8A9563BD27314D6E00AA7295 /* Sources */ = {
			isa = PBXSourcesBuildPhase;
			buildActionMask = 2147483647;
			files = (
				8A9563C627314D6E00AA7295 /* FJFSwiftBlogDemoTests.swift in Sources */,
			);
			runOnlyForDeploymentPostprocessing = 0;
		};
		8A9563C727314D6E00AA7295 /* Sources */ = {
			isa = PBXSourcesBuildPhase;
			buildActionMask = 2147483647;
			files = (
				8A9563D227314D6E00AA7295 /* FJFSwiftBlogDemoUITestsLaunchTests.swift in Sources */,
				8A9563D027314D6E00AA7295 /* FJFSwiftBlogDemoUITests.swift in Sources */,
			);
			runOnlyForDeploymentPostprocessing = 0;
		};
/* End PBXSourcesBuildPhase section */

/* Begin PBXTargetDependency section */
		8A9563C327314D6E00AA7295 /* PBXTargetDependency */ = {
			isa = PBXTargetDependency;
			target = 8A9563AA27314D6D00AA7295 /* FJFSwiftBlogDemo */;
			targetProxy = 8A9563C227314D6E00AA7295 /* PBXContainerItemProxy */;
		};
		8A9563CD27314D6E00AA7295 /* PBXTargetDependency */ = {
			isa = PBXTargetDependency;
			target = 8A9563AA27314D6D00AA7295 /* FJFSwiftBlogDemo */;
			targetProxy = 8A9563CC27314D6E00AA7295 /* PBXContainerItemProxy */;
		};
/* End PBXTargetDependency section */

/* Begin PBXVariantGroup section */
		8A9563B427314D6D00AA7295 /* Main.storyboard */ = {
			isa = PBXVariantGroup;
			children = (
				8A9563B527314D6D00AA7295 /* Base */,
			);
			name = Main.storyboard;
			sourceTree = "<group>";
		};
		8A9563B927314D6E00AA7295 /* LaunchScreen.storyboard */ = {
			isa = PBXVariantGroup;
			children = (
				8A9563BA27314D6E00AA7295 /* Base */,
			);
			name = LaunchScreen.storyboard;
			sourceTree = "<group>";
		};
/* End PBXVariantGroup section */

/* Begin XCBuildConfiguration section */
		8A9563D327314D6E00AA7295 /* Debug */ = {
			isa = XCBuildConfiguration;
			buildSettings = {
				ALWAYS_SEARCH_USER_PATHS = NO;
				CLANG_ANALYZER_NONNULL = YES;
				CLANG_ANALYZER_NUMBER_OBJECT_CONVERSION = YES_AGGRESSIVE;
				CLANG_CXX_LANGUAGE_STANDARD = "gnu++17";
				CLANG_CXX_LIBRARY = "libc++";
				CLANG_ENABLE_MODULES = YES;
				CLANG_ENABLE_OBJC_ARC = YES;
				CLANG_ENABLE_OBJC_WEAK = YES;
				CLANG_WARN_BLOCK_CAPTURE_AUTORELEASING = YES;
				CLANG_WARN_BOOL_CONVERSION = YES;
				CLANG_WARN_COMMA = YES;
				CLANG_WARN_CONSTANT_CONVERSION = YES;
				CLANG_WARN_DEPRECATED_OBJC_IMPLEMENTATIONS = YES;
				CLANG_WARN_DIRECT_OBJC_ISA_USAGE = YES_ERROR;
				CLANG_WARN_DOCUMENTATION_COMMENTS = YES;
				CLANG_WARN_EMPTY_BODY = YES;
				CLANG_WARN_ENUM_CONVERSION = YES;
				CLANG_WARN_INFINITE_RECURSION = YES;
				CLANG_WARN_INT_CONVERSION = YES;
				CLANG_WARN_NON_LITERAL_NULL_CONVERSION = YES;
				CLANG_WARN_OBJC_IMPLICIT_RETAIN_SELF = YES;
				CLANG_WARN_OBJC_LITERAL_CONVERSION = YES;
				CLANG_WARN_OBJC_ROOT_CLASS = YES_ERROR;
				CLANG_WARN_QUOTED_INCLUDE_IN_FRAMEWORK_HEADER = YES;
				CLANG_WARN_RANGE_LOOP_ANALYSIS = YES;
				CLANG_WARN_STRICT_PROTOTYPES = YES;
				CLANG_WARN_SUSPICIOUS_MOVE = YES;
				CLANG_WARN_UNGUARDED_AVAILABILITY = YES_AGGRESSIVE;
				CLANG_WARN_UNREACHABLE_CODE = YES;
				CLANG_WARN__DUPLICATE_METHOD_MATCH = YES;
				COPY_PHASE_STRIP = NO;
				DEBUG_INFORMATION_FORMAT = dwarf;
				ENABLE_STRICT_OBJC_MSGSEND = YES;
				ENABLE_TESTABILITY = YES;
				GCC_C_LANGUAGE_STANDARD = gnu11;
				GCC_DYNAMIC_NO_PIC = NO;
				GCC_NO_COMMON_BLOCKS = YES;
				GCC_OPTIMIZATION_LEVEL = 0;
				GCC_PREPROCESSOR_DEFINITIONS = (
					"DEBUG=1",
					"$(inherited)",
				);
				GCC_WARN_64_TO_32_BIT_CONVERSION = YES;
				GCC_WARN_ABOUT_RETURN_TYPE = YES_ERROR;
				GCC_WARN_UNDECLARED_SELECTOR = YES;
				GCC_WARN_UNINITIALIZED_AUTOS = YES_AGGRESSIVE;
				GCC_WARN_UNUSED_FUNCTION = YES;
				GCC_WARN_UNUSED_VARIABLE = YES;
				IPHONEOS_DEPLOYMENT_TARGET = 15.0;
				MTL_ENABLE_DEBUG_INFO = INCLUDE_SOURCE;
				MTL_FAST_MATH = YES;
				ONLY_ACTIVE_ARCH = YES;
				SDKROOT = iphoneos;
				SWIFT_ACTIVE_COMPILATION_CONDITIONS = DEBUG;
				SWIFT_OPTIMIZATION_LEVEL = "-Onone";
			};
			name = Debug;
		};
		8A9563D427314D6E00AA7295 /* Release */ = {
			isa = XCBuildConfiguration;
			buildSettings = {
				ALWAYS_SEARCH_USER_PATHS = NO;
				CLANG_ANALYZER_NONNULL = YES;
				CLANG_ANALYZER_NUMBER_OBJECT_CONVERSION = YES_AGGRESSIVE;
				CLANG_CXX_LANGUAGE_STANDARD = "gnu++17";
				CLANG_CXX_LIBRARY = "libc++";
				CLANG_ENABLE_MODULES = YES;
				CLANG_ENABLE_OBJC_ARC = YES;
				CLANG_ENABLE_OBJC_WEAK = YES;
				CLANG_WARN_BLOCK_CAPTURE_AUTORELEASING = YES;
				CLANG_WARN_BOOL_CONVERSION = YES;
				CLANG_WARN_COMMA = YES;
				CLANG_WARN_CONSTANT_CONVERSION = YES;
				CLANG_WARN_DEPRECATED_OBJC_IMPLEMENTATIONS = YES;
				CLANG_WARN_DIRECT_OBJC_ISA_USAGE = YES_ERROR;
				CLANG_WARN_DOCUMENTATION_COMMENTS = YES;
				CLANG_WARN_EMPTY_BODY = YES;
				CLANG_WARN_ENUM_CONVERSION = YES;
				CLANG_WARN_INFINITE_RECURSION = YES;
				CLANG_WARN_INT_CONVERSION = YES;
				CLANG_WARN_NON_LITERAL_NULL_CONVERSION = YES;
				CLANG_WARN_OBJC_IMPLICIT_RETAIN_SELF = YES;
				CLANG_WARN_OBJC_LITERAL_CONVERSION = YES;
				CLANG_WARN_OBJC_ROOT_CLASS = YES_ERROR;
				CLANG_WARN_QUOTED_INCLUDE_IN_FRAMEWORK_HEADER = YES;
				CLANG_WARN_RANGE_LOOP_ANALYSIS = YES;
				CLANG_WARN_STRICT_PROTOTYPES = YES;
				CLANG_WARN_SUSPICIOUS_MOVE = YES;
				CLANG_WARN_UNGUARDED_AVAILABILITY = YES_AGGRESSIVE;
				CLANG_WARN_UNREACHABLE_CODE = YES;
				CLANG_WARN__DUPLICATE_METHOD_MATCH = YES;
				COPY_PHASE_STRIP = NO;
				DEBUG_INFORMATION_FORMAT = "dwarf-with-dsym";
				ENABLE_NS_ASSERTIONS = NO;
				ENABLE_STRICT_OBJC_MSGSEND = YES;
				GCC_C_LANGUAGE_STANDARD = gnu11;
				GCC_NO_COMMON_BLOCKS = YES;
				GCC_WARN_64_TO_32_BIT_CONVERSION = YES;
				GCC_WARN_ABOUT_RETURN_TYPE = YES_ERROR;
				GCC_WARN_UNDECLARED_SELECTOR = YES;
				GCC_WARN_UNINITIALIZED_AUTOS = YES_AGGRESSIVE;
				GCC_WARN_UNUSED_FUNCTION = YES;
				GCC_WARN_UNUSED_VARIABLE = YES;
				IPHONEOS_DEPLOYMENT_TARGET = 15.0;
				MTL_ENABLE_DEBUG_INFO = NO;
				MTL_FAST_MATH = YES;
				SDKROOT = iphoneos;
				SWIFT_COMPILATION_MODE = wholemodule;
				SWIFT_OPTIMIZATION_LEVEL = "-O";
				VALIDATE_PRODUCT = YES;
			};
			name = Release;
		};
		8A9563D627314D6E00AA7295 /* Debug */ = {
			isa = XCBuildConfiguration;
			baseConfigurationReference = E095AF88FCC1C90B5B93546E /* Pods-FJFSwiftBlogDemo.debug.xcconfig */;
			buildSettings = {
				ASSETCATALOG_COMPILER_APPICON_NAME = AppIcon;
				ASSETCATALOG_COMPILER_GLOBAL_ACCENT_COLOR_NAME = AccentColor;
				CODE_SIGN_STYLE = Automatic;
				CURRENT_PROJECT_VERSION = 1;
				DEVELOPMENT_TEAM = NWBUW3TWZT;
				GENERATE_INFOPLIST_FILE = YES;
				INFOPLIST_FILE = FJFSwiftBlogDemo/Info.plist;
				INFOPLIST_KEY_UIApplicationSupportsIndirectInputEvents = YES;
				INFOPLIST_KEY_UILaunchStoryboardName = LaunchScreen;
				INFOPLIST_KEY_UIMainStoryboardFile = Main;
				INFOPLIST_KEY_UISupportedInterfaceOrientations_iPad = "UIInterfaceOrientationPortrait UIInterfaceOrientationPortraitUpsideDown UIInterfaceOrientationLandscapeLeft UIInterfaceOrientationLandscapeRight";
				INFOPLIST_KEY_UISupportedInterfaceOrientations_iPhone = "UIInterfaceOrientationPortrait UIInterfaceOrientationLandscapeLeft UIInterfaceOrientationLandscapeRight";
				LD_RUNPATH_SEARCH_PATHS = (
					"$(inherited)",
					"@executable_path/Frameworks",
				);
				MARKETING_VERSION = 1.0;
				PRODUCT_BUNDLE_IDENTIFIER = www.fjf.com.FJFSwiftBlogDemo;
				PRODUCT_NAME = "$(TARGET_NAME)";
				SWIFT_EMIT_LOC_STRINGS = YES;
				SWIFT_VERSION = 5.0;
				TARGETED_DEVICE_FAMILY = "1,2";
			};
			name = Debug;
		};
		8A9563D727314D6E00AA7295 /* Release */ = {
			isa = XCBuildConfiguration;
			baseConfigurationReference = FD0710DE223B3809BD95C6F4 /* Pods-FJFSwiftBlogDemo.release.xcconfig */;
			buildSettings = {
				ASSETCATALOG_COMPILER_APPICON_NAME = AppIcon;
				ASSETCATALOG_COMPILER_GLOBAL_ACCENT_COLOR_NAME = AccentColor;
				CODE_SIGN_STYLE = Automatic;
				CURRENT_PROJECT_VERSION = 1;
				DEVELOPMENT_TEAM = NWBUW3TWZT;
				GENERATE_INFOPLIST_FILE = YES;
				INFOPLIST_FILE = FJFSwiftBlogDemo/Info.plist;
				INFOPLIST_KEY_UIApplicationSupportsIndirectInputEvents = YES;
				INFOPLIST_KEY_UILaunchStoryboardName = LaunchScreen;
				INFOPLIST_KEY_UIMainStoryboardFile = Main;
				INFOPLIST_KEY_UISupportedInterfaceOrientations_iPad = "UIInterfaceOrientationPortrait UIInterfaceOrientationPortraitUpsideDown UIInterfaceOrientationLandscapeLeft UIInterfaceOrientationLandscapeRight";
				INFOPLIST_KEY_UISupportedInterfaceOrientations_iPhone = "UIInterfaceOrientationPortrait UIInterfaceOrientationLandscapeLeft UIInterfaceOrientationLandscapeRight";
				LD_RUNPATH_SEARCH_PATHS = (
					"$(inherited)",
					"@executable_path/Frameworks",
				);
				MARKETING_VERSION = 1.0;
				PRODUCT_BUNDLE_IDENTIFIER = www.fjf.com.FJFSwiftBlogDemo;
				PRODUCT_NAME = "$(TARGET_NAME)";
				SWIFT_EMIT_LOC_STRINGS = YES;
				SWIFT_VERSION = 5.0;
				TARGETED_DEVICE_FAMILY = "1,2";
			};
			name = Release;
		};
		8A9563D927314D6E00AA7295 /* Debug */ = {
			isa = XCBuildConfiguration;
			buildSettings = {
				ALWAYS_EMBED_SWIFT_STANDARD_LIBRARIES = YES;
				BUNDLE_LOADER = "$(TEST_HOST)";
				CODE_SIGN_STYLE = Automatic;
				CURRENT_PROJECT_VERSION = 1;
				GENERATE_INFOPLIST_FILE = YES;
				IPHONEOS_DEPLOYMENT_TARGET = 15.0;
				LD_RUNPATH_SEARCH_PATHS = (
					"$(inherited)",
					"@executable_path/Frameworks",
					"@loader_path/Frameworks",
				);
				MARKETING_VERSION = 1.0;
				PRODUCT_BUNDLE_IDENTIFIER = www.fjf.com.FJFSwiftBlogDemoTests;
				PRODUCT_NAME = "$(TARGET_NAME)";
				SWIFT_EMIT_LOC_STRINGS = NO;
				SWIFT_VERSION = 5.0;
				TARGETED_DEVICE_FAMILY = "1,2";
				TEST_HOST = "$(BUILT_PRODUCTS_DIR)/FJFSwiftBlogDemo.app/FJFSwiftBlogDemo";
			};
			name = Debug;
		};
		8A9563DA27314D6E00AA7295 /* Release */ = {
			isa = XCBuildConfiguration;
			buildSettings = {
				ALWAYS_EMBED_SWIFT_STANDARD_LIBRARIES = YES;
				BUNDLE_LOADER = "$(TEST_HOST)";
				CODE_SIGN_STYLE = Automatic;
				CURRENT_PROJECT_VERSION = 1;
				GENERATE_INFOPLIST_FILE = YES;
				IPHONEOS_DEPLOYMENT_TARGET = 15.0;
				LD_RUNPATH_SEARCH_PATHS = (
					"$(inherited)",
					"@executable_path/Frameworks",
					"@loader_path/Frameworks",
				);
				MARKETING_VERSION = 1.0;
				PRODUCT_BUNDLE_IDENTIFIER = www.fjf.com.FJFSwiftBlogDemoTests;
				PRODUCT_NAME = "$(TARGET_NAME)";
				SWIFT_EMIT_LOC_STRINGS = NO;
				SWIFT_VERSION = 5.0;
				TARGETED_DEVICE_FAMILY = "1,2";
				TEST_HOST = "$(BUILT_PRODUCTS_DIR)/FJFSwiftBlogDemo.app/FJFSwiftBlogDemo";
			};
			name = Release;
		};
		8A9563DC27314D6E00AA7295 /* Debug */ = {
			isa = XCBuildConfiguration;
			buildSettings = {
				ALWAYS_EMBED_SWIFT_STANDARD_LIBRARIES = YES;
				CODE_SIGN_STYLE = Automatic;
				CURRENT_PROJECT_VERSION = 1;
				GENERATE_INFOPLIST_FILE = YES;
				LD_RUNPATH_SEARCH_PATHS = (
					"$(inherited)",
					"@executable_path/Frameworks",
					"@loader_path/Frameworks",
				);
				MARKETING_VERSION = 1.0;
				PRODUCT_BUNDLE_IDENTIFIER = www.fjf.com.FJFSwiftBlogDemoUITests;
				PRODUCT_NAME = "$(TARGET_NAME)";
				SWIFT_EMIT_LOC_STRINGS = NO;
				SWIFT_VERSION = 5.0;
				TARGETED_DEVICE_FAMILY = "1,2";
				TEST_TARGET_NAME = FJFSwiftBlogDemo;
			};
			name = Debug;
		};
		8A9563DD27314D6E00AA7295 /* Release */ = {
			isa = XCBuildConfiguration;
			buildSettings = {
				ALWAYS_EMBED_SWIFT_STANDARD_LIBRARIES = YES;
				CODE_SIGN_STYLE = Automatic;
				CURRENT_PROJECT_VERSION = 1;
				GENERATE_INFOPLIST_FILE = YES;
				LD_RUNPATH_SEARCH_PATHS = (
					"$(inherited)",
					"@executable_path/Frameworks",
					"@loader_path/Frameworks",
				);
				MARKETING_VERSION = 1.0;
				PRODUCT_BUNDLE_IDENTIFIER = www.fjf.com.FJFSwiftBlogDemoUITests;
				PRODUCT_NAME = "$(TARGET_NAME)";
				SWIFT_EMIT_LOC_STRINGS = NO;
				SWIFT_VERSION = 5.0;
				TARGETED_DEVICE_FAMILY = "1,2";
				TEST_TARGET_NAME = FJFSwiftBlogDemo;
			};
			name = Release;
		};
/* End XCBuildConfiguration section */

/* Begin XCConfigurationList section */
		8A9563A627314D6D00AA7295 /* Build configuration list for PBXProject "FJFSwiftBlogDemo" */ = {
			isa = XCConfigurationList;
			buildConfigurations = (
				8A9563D327314D6E00AA7295 /* Debug */,
				8A9563D427314D6E00AA7295 /* Release */,
			);
			defaultConfigurationIsVisible = 0;
			defaultConfigurationName = Release;
		};
		8A9563D527314D6E00AA7295 /* Build configuration list for PBXNativeTarget "FJFSwiftBlogDemo" */ = {
			isa = XCConfigurationList;
			buildConfigurations = (
				8A9563D627314D6E00AA7295 /* Debug */,
				8A9563D727314D6E00AA7295 /* Release */,
			);
			defaultConfigurationIsVisible = 0;
			defaultConfigurationName = Release;
		};
		8A9563D827314D6E00AA7295 /* Build configuration list for PBXNativeTarget "FJFSwiftBlogDemoTests" */ = {
			isa = XCConfigurationList;
			buildConfigurations = (
				8A9563D927314D6E00AA7295 /* Debug */,
				8A9563DA27314D6E00AA7295 /* Release */,
			);
			defaultConfigurationIsVisible = 0;
			defaultConfigurationName = Release;
		};
		8A9563DB27314D6E00AA7295 /* Build configuration list for PBXNativeTarget "FJFSwiftBlogDemoUITests" */ = {
			isa = XCConfigurationList;
			buildConfigurations = (
				8A9563DC27314D6E00AA7295 /* Debug */,
				8A9563DD27314D6E00AA7295 /* Release */,
			);
			defaultConfigurationIsVisible = 0;
			defaultConfigurationName = Release;
		};
/* End XCConfigurationList section */
	};
	rootObject = 8A9563A327314D6D00AA7295 /* Project object */;
}
